
Microsoft Visual Studio Solution File, Format Version 12.00
# Visual Studio Version 17
VisualStudioVersion = 17.13.35818.85 d17.13
MinimumVisualStudioVersion = 10.0.40219.1
Project("{8BC9CEB8-8B4A-11D0-8D11-00A0C91BC942}") = "test_11", "test_11\test_11.vcxproj", "{B99BCC89-639F-4A2C-8844-1FE154A7496C}"
EndProject
Global
	GlobalSection(SolutionConfigurationPlatforms) = preSolution
		Debug|x64 = Debug|x64
		Debug|x86 = Debug|x86
		Release|x64 = Release|x64
		Release|x86 = Release|x86
	EndGlobalSection
	GlobalSection(ProjectConfigurationPlatforms) = postSolution
		{B99BCC89-639F-4A2C-8844-1FE154A7496C}.Debug|x64.ActiveCfg = Debug|x64
		{B99BCC89-639F-4A2C-8844-1FE154A7496C}.Debug|x64.Build.0 = Debug|x64
		{B99BCC89-639F-4A2C-8844-1FE154A7496C}.Debug|x86.ActiveCfg = Debug|Win32
		{B99BCC89-639F-4A2C-8844-1FE154A7496C}.Debug|x86.Build.0 = Debug|Win32
		{B99BCC89-639F-4A2C-8844-1FE154A7496C}.Release|x64.ActiveCfg = Release|x64
		{B99BCC89-639F-4A2C-8844-1FE154A7496C}.Release|x64.Build.0 = Release|x64
		{B99BCC89-639F-4A2C-8844-1FE154A7496C}.Release|x86.ActiveCfg = Release|Win32
		{B99BCC89-639F-4A2C-8844-1FE154A7496C}.Release|x86.Build.0 = Release|Win32
	EndGlobalSection
	GlobalSection(SolutionProperties) = preSolution
		HideSolutionNode = FALSE
	EndGlobalSection
	GlobalSection(ExtensibilityGlobals) = postSolution
		SolutionGuid = {C5C870B4-47B9-4C40-A03E-195A17F045B1}
	EndGlobalSection
EndGlobal
